
Microsoft Visual Studio Solution File, Format Version 12.00
# Visual Studio 15
VisualStudioVersion = 15.0.26228.4
MinimumVisualStudioVersion = 10.0.40219.1
Project("{FAE04EC0-301F-11D3-BF4B-00C04F79EFBC}") = "ProjectManager", "ProjectManager\ProjectManager.csproj", "{580E8702-E4B8-4C0F-9607-17BF31BEBA64}"
EndProject
Project("{FAE04EC0-301F-11D3-BF4B-00C04F79EFBC}") = "TestConsole", "TestConsole\TestConsole.csproj", "{F5F08CE9-FC54-4E35-98CB-8223596ED5FD}"
EndProject
Global
	GlobalSection(SolutionConfigurationPlatforms) = preSolution
		Debug|Any CPU = Debug|Any CPU
		Release|Any CPU = Release|Any CPU
	EndGlobalSection
	GlobalSection(ProjectConfigurationPlatforms) = postSolution
		{580E8702-E4B8-4C0F-9607-17BF31BEBA64}.Debug|Any CPU.ActiveCfg = Debug|Any CPU
		{580E8702-E4B8-4C0F-9607-17BF31BEBA64}.Debug|Any CPU.Build.0 = Debug|Any CPU
		{580E8702-E4B8-4C0F-9607-17BF31BEBA64}.Release|Any CPU.ActiveCfg = Release|Any CPU
		{580E8702-E4B8-4C0F-9607-17BF31BEBA64}.Release|Any CPU.Build.0 = Release|Any CPU
		{F5F08CE9-FC54-4E35-98CB-8223596ED5FD}.Debug|Any CPU.ActiveCfg = Debug|Any CPU
		{F5F08CE9-FC54-4E35-98CB-8223596ED5FD}.Debug|Any CPU.Build.0 = Debug|Any CPU
		{F5F08CE9-FC54-4E35-98CB-8223596ED5FD}.Release|Any CPU.ActiveCfg = Release|Any CPU
		{F5F08CE9-FC54-4E35-98CB-8223596ED5FD}.Release|Any CPU.Build.0 = Release|Any CPU
	EndGlobalSection
	GlobalSection(SolutionProperties) = preSolution
		HideSolutionNode = FALSE
	EndGlobalSection
EndGlobal
